
Microsoft Visual Studio Solution File, Format Version 12.00
# Visual Studio Express 2012 for Web
Project("{FAE04EC0-301F-11D3-BF4B-00C04F79EFBC}") = "WebAPICRUD", "WebAPICRUD\WebAPICRUD.csproj", "{DB783AD5-26BD-4191-A390-7B12A44997A0}"
EndProject
Project("{2150E333-8FDC-42A3-9474-1A3956D46DE8}") = ".nuget", ".nuget", "{4099A8CB-8CFA-491D-A4D7-E23AD0188F7B}"
	ProjectSection(SolutionItems) = preProject
		.nuget\NuGet.Config = .nuget\NuGet.Config
		.nuget\NuGet.exe = .nuget\NuGet.exe
		.nuget\NuGet.targets = .nuget\NuGet.targets
	EndProjectSection
EndProject
Global
	GlobalSection(SolutionConfigurationPlatforms) = preSolution
		Debug|Any CPU = Debug|Any CPU
		Release|Any CPU = Release|Any CPU
	EndGlobalSection
	GlobalSection(ProjectConfigurationPlatforms) = postSolution
		{DB783AD5-26BD-4191-A390-7B12A44997A0}.Debug|Any CPU.ActiveCfg = Debug|Any CPU
		{DB783AD5-26BD-4191-A390-7B12A44997A0}.Debug|Any CPU.Build.0 = Debug|Any CPU
		{DB783AD5-26BD-4191-A390-7B12A44997A0}.Release|Any CPU.ActiveCfg = Release|Any CPU
		{DB783AD5-26BD-4191-A390-7B12A44997A0}.Release|Any CPU.Build.0 = Release|Any CPU
	EndGlobalSection
	GlobalSection(SolutionProperties) = preSolution
		HideSolutionNode = FALSE
	EndGlobalSection
EndGlobal
